
Microsoft Visual Studio Solution File, Format Version 12.00
Project("{FAE04EC0-301F-11D3-BF4B-00C04F79EFBC}") = "CawkVMUnpacker", "CawkVMUnpacker\CawkVMUnpacker.csproj", "{E5792180-21D4-4E0C-9BF7-B6CA4149364A}"
EndProject
Global
	GlobalSection(SolutionConfigurationPlatforms) = preSolution
		Debug|Any CPU = Debug|Any CPU
		Release|Any CPU = Release|Any CPU
	EndGlobalSection
	GlobalSection(ProjectConfigurationPlatforms) = postSolution
		{E5792180-21D4-4E0C-9BF7-B6CA4149364A}.Debug|Any CPU.ActiveCfg = Debug|Any CPU
		{E5792180-21D4-4E0C-9BF7-B6CA4149364A}.Debug|Any CPU.Build.0 = Debug|Any CPU
		{E5792180-21D4-4E0C-9BF7-B6CA4149364A}.Release|Any CPU.ActiveCfg = Release|Any CPU
		{E5792180-21D4-4E0C-9BF7-B6CA4149364A}.Release|Any CPU.Build.0 = Release|Any CPU
	EndGlobalSection
EndGlobal
